{
  "nodes": {
    "nixpkgs": {
      "locked": {
        "lastModified": 1677075010,
        "narHash": "sha256-X+UmR1AkdR//lPVcShmLy8p1n857IGf7y+cyCArp8bU=",
        "owner": "nixos",
        "repo": "nixpkgs",
        "rev": "c95bf18beba4290af25c60cbaaceea1110d0f727",
        "type": "github"
      },
      "original": {
        "owner": "nixos",
        "ref": "nixos-22.11",
        "repo": "nixpkgs",
        "type": "github"
      }
    },
    "root": {
      "inputs": {
        "nixpkgs": "nixpkgs",
        "ubootSrc": "ubootSrc"
      }
    },
    "ubootSrc": {
      "flake": false,
      "locked": {
        "lastModified": 1677285773,
        "narHash": "sha256-+YjBWuxeGRNyFI2VX6iSxlJN9IjDvoeQEpUlLvF2YRg=",
        "owner": "Snektron",
        "repo": "u-boot-vf2",
        "rev": "148d988d73f0be02a629219c563ef70415b42430",
        "type": "github"
      },
      "original": {
        "owner": "Snektron",
        "repo": "u-boot-vf2",
        "type": "github"
      }
    }
  },
  "root": "root",
  "version": 7
}
