{
  "nodes": {
    "nixpkgs": {
      "locked": {
        "lastModified": 1684936879,
        "narHash": "sha256-BOSq/QiX7MDs8tUnAt4+nYTJctgYkzVSNL95qlfMYeM=",
        "owner": "nixos",
        "repo": "nixpkgs",
        "rev": "99fe1b870522d6ee3e692c2b6e663d6868a3fde4",
        "type": "github"
      },
      "original": {
        "owner": "nixos",
        "ref": "nixos-22.11",
        "repo": "nixpkgs",
        "type": "github"
      }
    },
    "root": {
      "inputs": {
        "nixpkgs": "nixpkgs",
        "ubootSrc": "ubootSrc"
      }
    },
    "ubootSrc": {
      "flake": false,
      "locked": {
        "lastModified": 1679525677,
        "narHash": "sha256-FfcrFi60cR/Ja5W0Zjw4wgkqdwmhEC7xXoKeSDniCME=",
        "owner": "Snektron",
        "repo": "u-boot-vf2",
        "rev": "45f43da21df59e9a8de0d4314be16c2a47aad70a",
        "type": "github"
      },
      "original": {
        "owner": "Snektron",
        "repo": "u-boot-vf2",
        "type": "github"
      }
    }
  },
  "root": "root",
  "version": 7
}
